
Microsoft Visual Studio Solution File, Format Version 12.00
# Visual Studio Version 17
VisualStudioVersion = 17.6.33723.286
MinimumVisualStudioVersion = 10.0.40219.1
Project("{FAE04EC0-301F-11D3-BF4B-00C04F79EFBC}") = "Oceanica", "Oceanica\Oceanica.csproj", "{DBA691F2-41D0-436D-8107-8369BE994826}"
EndProject
Project("{E53339B2-1760-4266-BCC7-CA923CBCF16C}") = "docker-compose", "docker-compose.dcproj", "{8DC67FA3-E387-4F5F-80D4-2A5459555AE5}"
EndProject
Global
	GlobalSection(SolutionConfigurationPlatforms) = preSolution
		Debug|Any CPU = Debug|Any CPU
		Release|Any CPU = Release|Any CPU
	EndGlobalSection
	GlobalSection(ProjectConfigurationPlatforms) = postSolution
		{DBA691F2-41D0-436D-8107-8369BE994826}.Debug|Any CPU.ActiveCfg = Debug|Any CPU
		{DBA691F2-41D0-436D-8107-8369BE994826}.Debug|Any CPU.Build.0 = Debug|Any CPU
		{DBA691F2-41D0-436D-8107-8369BE994826}.Release|Any CPU.ActiveCfg = Release|Any CPU
		{DBA691F2-41D0-436D-8107-8369BE994826}.Release|Any CPU.Build.0 = Release|Any CPU
		{8DC67FA3-E387-4F5F-80D4-2A5459555AE5}.Debug|Any CPU.ActiveCfg = Debug|Any CPU
		{8DC67FA3-E387-4F5F-80D4-2A5459555AE5}.Debug|Any CPU.Build.0 = Debug|Any CPU
		{8DC67FA3-E387-4F5F-80D4-2A5459555AE5}.Release|Any CPU.ActiveCfg = Release|Any CPU
		{8DC67FA3-E387-4F5F-80D4-2A5459555AE5}.Release|Any CPU.Build.0 = Release|Any CPU
	EndGlobalSection
	GlobalSection(SolutionProperties) = preSolution
		HideSolutionNode = FALSE
	EndGlobalSection
	GlobalSection(ExtensibilityGlobals) = postSolution
		SolutionGuid = {81FD9DA4-E4CC-408D-B44C-4346099AF95B}
	EndGlobalSection
EndGlobal
